// !$*UTF8*$!
{
	archiveVersion = 1;
	classes = {
	};
	objectVersion = 46;
	objects = {

/* Begin PBXBuildFile section */
		7F8719921971AEC200FCDB22 /* AppDelegate.swift in Sources */ = {isa = PBXBuildFile; fileRef = 7F8719911971AEC200FCDB22 /* AppDelegate.swift */; };
		7F8719941971AEC200FCDB22 /* MasterViewController.swift in Sources */ = {isa = PBXBuildFile; fileRef = 7F8719931971AEC200FCDB22 /* MasterViewController.swift */; };
		7F8719961971AEC200FCDB22 /* DetailViewController.swift in Sources */ = {isa = PBXBuildFile; fileRef = 7F8719951971AEC200FCDB22 /* DetailViewController.swift */; };
		7F8719991971AEC200FCDB22 /* Main.storyboard in Resources */ = {isa = PBXBuildFile; fileRef = 7F8719971971AEC200FCDB22 /* Main.storyboard */; };
		7F87199B1971AEC200FCDB22 /* Images.xcassets in Resources */ = {isa = PBXBuildFile; fileRef = 7F87199A1971AEC200FCDB22 /* Images.xcassets */; };
		7F8719A71971AEC200FCDB22 /* SwiftTodoTests.swift in Sources */ = {isa = PBXBuildFile; fileRef = 7F8719A61971AEC200FCDB22 /* SwiftTodoTests.swift */; };
/* End PBXBuildFile section */

/* Begin PBXContainerItemProxy section */
		7F8719A11971AEC200FCDB22 /* PBXContainerItemProxy */ = {
			isa = PBXContainerItemProxy;
			containerPortal = 7F8719841971AEC200FCDB22 /* Project object */;
			proxyType = 1;
			remoteGlobalIDString = 7F87198B1971AEC200FCDB22;
			remoteInfo = SwiftTodo;
		};
/* End PBXContainerItemProxy section */

/* Begin PBXFileReference section */
		7F87198C1971AEC200FCDB22 /* SwiftTodo.app */ = {isa = PBXFileReference; explicitFileType = wrapper.application; includeInIndex = 0; path = SwiftTodo.app; sourceTree = BUILT_PRODUCTS_DIR; };
		7F8719901971AEC200FCDB22 /* Info.plist */ = {isa = PBXFileReference; lastKnownFileType = text.plist.xml; path = Info.plist; sourceTree = "<group>"; };
		7F8719911971AEC200FCDB22 /* AppDelegate.swift */ = {isa = PBXFileReference; lastKnownFileType = sourcecode.swift; path = AppDelegate.swift; sourceTree = "<group>"; };
		7F8719931971AEC200FCDB22 /* MasterViewController.swift */ = {isa = PBXFileReference; lastKnownFileType = sourcecode.swift; path = MasterViewController.swift; sourceTree = "<group>"; };
		7F8719951971AEC200FCDB22 /* DetailViewController.swift */ = {isa = PBXFileReference; lastKnownFileType = sourcecode.swift; path = DetailViewController.swift; sourceTree = "<group>"; };
		7F8719981971AEC200FCDB22 /* Base */ = {isa = PBXFileReference; lastKnownFileType = file.storyboard; name = Base; path = Base.lproj/Main.storyboard; sourceTree = "<group>"; };
		7F87199A1971AEC200FCDB22 /* Images.xcassets */ = {isa = PBXFileReference; lastKnownFileType = folder.assetcatalog; path = Images.xcassets; sourceTree = "<group>"; };
		7F8719A01971AEC200FCDB22 /* SwiftTodoTests.xctest */ = {isa = PBXFileReference; explicitFileType = wrapper.cfbundle; includeInIndex = 0; path = SwiftTodoTests.xctest; sourceTree = BUILT_PRODUCTS_DIR; };
		7F8719A51971AEC200FCDB22 /* Info.plist */ = {isa = PBXFileReference; lastKnownFileType = text.plist.xml; path = Info.plist; sourceTree = "<group>"; };
		7F8719A61971AEC200FCDB22 /* SwiftTodoTests.swift */ = {isa = PBXFileReference; lastKnownFileType = sourcecode.swift; path = SwiftTodoTests.swift; sourceTree = "<group>"; };
/* End PBXFileReference section */

/* Begin PBXFrameworksBuildPhase section */
		7F8719891971AEC200FCDB22 /* Frameworks */ = {
			isa = PBXFrameworksBuildPhase;
			buildActionMask = 2147483647;
			files = (
			);
			runOnlyForDeploymentPostprocessing = 0;
		};
		7F87199D1971AEC200FCDB22 /* Frameworks */ = {
			isa = PBXFrameworksBuildPhase;
			buildActionMask = 2147483647;
			files = (
			);
			runOnlyForDeploymentPostprocessing = 0;
		};
/* End PBXFrameworksBuildPhase section */

/* Begin PBXGroup section */
		7F8719831971AEC200FCDB22 = {
			isa = PBXGroup;
			children = (
				7F87198E1971AEC200FCDB22 /* SwiftTodo */,
				7F8719A31971AEC200FCDB22 /* SwiftTodoTests */,
				7F87198D1971AEC200FCDB22 /* Products */,
			);
			sourceTree = "<group>";
		};
		7F87198D1971AEC200FCDB22 /* Products */ = {
			isa = PBXGroup;
			children = (
				7F87198C1971AEC200FCDB22 /* SwiftTodo.app */,
				7F8719A01971AEC200FCDB22 /* SwiftTodoTests.xctest */,
			);
			name = Products;
			sourceTree = "<group>";
		};
		7F87198E1971AEC200FCDB22 /* SwiftTodo */ = {
			isa = PBXGroup;
			children = (
				7F8719911971AEC200FCDB22 /* AppDelegate.swift */,
				7F8719931971AEC200FCDB22 /* MasterViewController.swift */,
				7F8719951971AEC200FCDB22 /* DetailViewController.swift */,
				7F8719971971AEC200FCDB22 /* Main.storyboard */,
				7F87199A1971AEC200FCDB22 /* Images.xcassets */,
				7F87198F1971AEC200FCDB22 /* Supporting Files */,
			);
			path = SwiftTodo;
			sourceTree = "<group>";
		};
		7F87198F1971AEC200FCDB22 /* Supporting Files */ = {
			isa = PBXGroup;
			children = (
				7F8719901971AEC200FCDB22 /* Info.plist */,
			);
			name = "Supporting Files";
			sourceTree = "<group>";
		};
		7F8719A31971AEC200FCDB22 /* SwiftTodoTests */ = {
			isa = PBXGroup;
			children = (
				7F8719A61971AEC200FCDB22 /* SwiftTodoTests.swift */,
				7F8719A41971AEC200FCDB22 /* Supporting Files */,
			);
			path = SwiftTodoTests;
			sourceTree = "<group>";
		};
		7F8719A41971AEC200FCDB22 /* Supporting Files */ = {
			isa = PBXGroup;
			children = (
				7F8719A51971AEC200FCDB22 /* Info.plist */,
			);
			name = "Supporting Files";
			sourceTree = "<group>";
		};
/* End PBXGroup section */

/* Begin PBXNativeTarget section */
		7F87198B1971AEC200FCDB22 /* SwiftTodo */ = {
			isa = PBXNativeTarget;
			buildConfigurationList = 7F8719AA1971AEC200FCDB22 /* Build configuration list for PBXNativeTarget "SwiftTodo" */;
			buildPhases = (
				7F8719881971AEC200FCDB22 /* Sources */,
				7F8719891971AEC200FCDB22 /* Frameworks */,
				7F87198A1971AEC200FCDB22 /* Resources */,
			);
			buildRules = (
			);
			dependencies = (
			);
			name = SwiftTodo;
			productName = SwiftTodo;
			productReference = 7F87198C1971AEC200FCDB22 /* SwiftTodo.app */;
			productType = "com.apple.product-type.application";
		};
		7F87199F1971AEC200FCDB22 /* SwiftTodoTests */ = {
			isa = PBXNativeTarget;
			buildConfigurationList = 7F8719AD1971AEC200FCDB22 /* Build configuration list for PBXNativeTarget "SwiftTodoTests" */;
			buildPhases = (
				7F87199C1971AEC200FCDB22 /* Sources */,
				7F87199D1971AEC200FCDB22 /* Frameworks */,
				7F87199E1971AEC200FCDB22 /* Resources */,
			);
			buildRules = (
			);
			dependencies = (
				7F8719A21971AEC200FCDB22 /* PBXTargetDependency */,
			);
			name = SwiftTodoTests;
			productName = SwiftTodoTests;
			productReference = 7F8719A01971AEC200FCDB22 /* SwiftTodoTests.xctest */;
			productType = "com.apple.product-type.bundle.unit-test";
		};
/* End PBXNativeTarget section */

/* Begin PBXProject section */
		7F8719841971AEC200FCDB22 /* Project object */ = {
			isa = PBXProject;
			attributes = {
				LastUpgradeCheck = 0600;
				ORGANIZATIONNAME = jaredsmithse;
				TargetAttributes = {
					7F87198B1971AEC200FCDB22 = {
						CreatedOnToolsVersion = 6.0;
					};
					7F87199F1971AEC200FCDB22 = {
						CreatedOnToolsVersion = 6.0;
						TestTargetID = 7F87198B1971AEC200FCDB22;
					};
				};
			};
			buildConfigurationList = 7F8719871971AEC200FCDB22 /* Build configuration list for PBXProject "SwiftTodo" */;
			compatibilityVersion = "Xcode 3.2";
			developmentRegion = English;
			hasScannedForEncodings = 0;
			knownRegions = (
				en,
				Base,
			);
			mainGroup = 7F8719831971AEC200FCDB22;
			productRefGroup = 7F87198D1971AEC200FCDB22 /* Products */;
			projectDirPath = "";
			projectRoot = "";
			targets = (
				7F87198B1971AEC200FCDB22 /* SwiftTodo */,
				7F87199F1971AEC200FCDB22 /* SwiftTodoTests */,
			);
		};
/* End PBXProject section */

/* Begin PBXResourcesBuildPhase section */
		7F87198A1971AEC200FCDB22 /* Resources */ = {
			isa = PBXResourcesBuildPhase;
			buildActionMask = 2147483647;
			files = (
				7F8719991971AEC200FCDB22 /* Main.storyboard in Resources */,
				7F87199B1971AEC200FCDB22 /* Images.xcassets in Resources */,
			);
			runOnlyForDeploymentPostprocessing = 0;
		};
		7F87199E1971AEC200FCDB22 /* Resources */ = {
			isa = PBXResourcesBuildPhase;
			buildActionMask = 2147483647;
			files = (
			);
			runOnlyForDeploymentPostprocessing = 0;
		};
/* End PBXResourcesBuildPhase section */

/* Begin PBXSourcesBuildPhase section */
		7F8719881971AEC200FCDB22 /* Sources */ = {
			isa = PBXSourcesBuildPhase;
			buildActionMask = 2147483647;
			files = (
				7F8719961971AEC200FCDB22 /* DetailViewController.swift in Sources */,
				7F8719941971AEC200FCDB22 /* MasterViewController.swift in Sources */,
				7F8719921971AEC200FCDB22 /* AppDelegate.swift in Sources */,
			);
			runOnlyForDeploymentPostprocessing = 0;
		};
		7F87199C1971AEC200FCDB22 /* Sources */ = {
			isa = PBXSourcesBuildPhase;
			buildActionMask = 2147483647;
			files = (
				7F8719A71971AEC200FCDB22 /* SwiftTodoTests.swift in Sources */,
			);
			runOnlyForDeploymentPostprocessing = 0;
		};
/* End PBXSourcesBuildPhase section */

/* Begin PBXTargetDependency section */
		7F8719A21971AEC200FCDB22 /* PBXTargetDependency */ = {
			isa = PBXTargetDependency;
			target = 7F87198B1971AEC200FCDB22 /* SwiftTodo */;
			targetProxy = 7F8719A11971AEC200FCDB22 /* PBXContainerItemProxy */;
		};
/* End PBXTargetDependency section */

/* Begin PBXVariantGroup section */
		7F8719971971AEC200FCDB22 /* Main.storyboard */ = {
			isa = PBXVariantGroup;
			children = (
				7F8719981971AEC200FCDB22 /* Base */,
			);
			name = Main.storyboard;
			sourceTree = "<group>";
		};
/* End PBXVariantGroup section */

/* Begin XCBuildConfiguration section */
		7F8719A81971AEC200FCDB22 /* Debug */ = {
			isa = XCBuildConfiguration;
			buildSettings = {
				ALWAYS_SEARCH_USER_PATHS = NO;
				CLANG_CXX_LANGUAGE_STANDARD = "gnu++0x";
				CLANG_CXX_LIBRARY = "libc++";
				CLANG_ENABLE_MODULES = YES;
				CLANG_ENABLE_OBJC_ARC = YES;
				CLANG_WARN_BOOL_CONVERSION = YES;
				CLANG_WARN_CONSTANT_CONVERSION = YES;
				CLANG_WARN_DIRECT_OBJC_ISA_USAGE = YES_ERROR;
				CLANG_WARN_EMPTY_BODY = YES;
				CLANG_WARN_ENUM_CONVERSION = YES;
				CLANG_WARN_INT_CONVERSION = YES;
				CLANG_WARN_OBJC_ROOT_CLASS = YES_ERROR;
				CLANG_WARN_UNREACHABLE_CODE = YES;
				CLANG_WARN__DUPLICATE_METHOD_MATCH = YES;
				"CODE_SIGN_IDENTITY[sdk=iphoneos*]" = "iPhone Developer";
				COPY_PHASE_STRIP = NO;
				ENABLE_STRICT_OBJC_MSGSEND = YES;
				GCC_C_LANGUAGE_STANDARD = gnu99;
				GCC_DYNAMIC_NO_PIC = NO;
				GCC_OPTIMIZATION_LEVEL = 0;
				GCC_PREPROCESSOR_DEFINITIONS = (
					"DEBUG=1",
					"$(inherited)",
				);
				GCC_SYMBOLS_PRIVATE_EXTERN = NO;
				GCC_WARN_64_TO_32_BIT_CONVERSION = YES;
				GCC_WARN_ABOUT_RETURN_TYPE = YES_ERROR;
				GCC_WARN_UNDECLARED_SELECTOR = YES;
				GCC_WARN_UNINITIALIZED_AUTOS = YES_AGGRESSIVE;
				GCC_WARN_UNUSED_FUNCTION = YES;
				GCC_WARN_UNUSED_VARIABLE = YES;
				IPHONEOS_DEPLOYMENT_TARGET = 8.0;
				METAL_ENABLE_DEBUG_INFO = YES;
				ONLY_ACTIVE_ARCH = YES;
				SDKROOT = iphoneos;
				SWIFT_OPTIMIZATION_LEVEL = "-Onone";
				TARGETED_DEVICE_FAMILY = "1,2";
			};
			name = Debug;
		};
		7F8719A91971AEC200FCDB22 /* Release */ = {
			isa = XCBuildConfiguration;
			buildSettings = {
				ALWAYS_SEARCH_USER_PATHS = NO;
				CLANG_CXX_LANGUAGE_STANDARD = "gnu++0x";
				CLANG_CXX_LIBRARY = "libc++";
				CLANG_ENABLE_MODULES = YES;
				CLANG_ENABLE_OBJC_ARC = YES;
				CLANG_WARN_BOOL_CONVERSION = YES;
				CLANG_WARN_CONSTANT_CONVERSION = YES;
				CLANG_WARN_DIRECT_OBJC_ISA_USAGE = YES_ERROR;
				CLANG_WARN_EMPTY_BODY = YES;
				CLANG_WARN_ENUM_CONVERSION = YES;
				CLANG_WARN_INT_CONVERSION = YES;
				CLANG_WARN_OBJC_ROOT_CLASS = YES_ERROR;
				CLANG_WARN_UNREACHABLE_CODE = YES;
				CLANG_WARN__DUPLICATE_METHOD_MATCH = YES;
				"CODE_SIGN_IDENTITY[sdk=iphoneos*]" = "iPhone Developer";
				COPY_PHASE_STRIP = YES;
				ENABLE_NS_ASSERTIONS = NO;
				ENABLE_STRICT_OBJC_MSGSEND = YES;
				GCC_C_LANGUAGE_STANDARD = gnu99;
				GCC_WARN_64_TO_32_BIT_CONVERSION = YES;
				GCC_WARN_ABOUT_RETURN_TYPE = YES_ERROR;
				GCC_WARN_UNDECLARED_SELECTOR = YES;
				GCC_WARN_UNINITIALIZED_AUTOS = YES_AGGRESSIVE;
				GCC_WARN_UNUSED_FUNCTION = YES;
				GCC_WARN_UNUSED_VARIABLE = YES;
				IPHONEOS_DEPLOYMENT_TARGET = 8.0;
				METAL_ENABLE_DEBUG_INFO = NO;
				SDKROOT = iphoneos;
				TARGETED_DEVICE_FAMILY = "1,2";
				VALIDATE_PRODUCT = YES;
			};
			name = Release;
		};
		7F8719AB1971AEC200FCDB22 /* Debug */ = {
			isa = XCBuildConfiguration;
			buildSettings = {
				ASSETCATALOG_COMPILER_APPICON_NAME = AppIcon;
				ASSETCATALOG_COMPILER_LAUNCHIMAGE_NAME = LaunchImage;
				INFOPLIST_FILE = SwiftTodo/Info.plist;
				LD_RUNPATH_SEARCH_PATHS = "$(inherited) @executable_path/Frameworks";
				PRODUCT_NAME = "$(TARGET_NAME)";
			};
			name = Debug;
		};
		7F8719AC1971AEC200FCDB22 /* Release */ = {
			isa = XCBuildConfiguration;
			buildSettings = {
				ASSETCATALOG_COMPILER_APPICON_NAME = AppIcon;
				ASSETCATALOG_COMPILER_LAUNCHIMAGE_NAME = LaunchImage;
				INFOPLIST_FILE = SwiftTodo/Info.plist;
				LD_RUNPATH_SEARCH_PATHS = "$(inherited) @executable_path/Frameworks";
				PRODUCT_NAME = "$(TARGET_NAME)";
			};
			name = Release;
		};
		7F8719AE1971AEC200FCDB22 /* Debug */ = {
			isa = XCBuildConfiguration;
			buildSettings = {
				BUNDLE_LOADER = "$(BUILT_PRODUCTS_DIR)/SwiftTodo.app/SwiftTodo";
				FRAMEWORK_SEARCH_PATHS = (
					"$(SDKROOT)/Developer/Library/Frameworks",
					"$(inherited)",
				);
				GCC_PREPROCESSOR_DEFINITIONS = (
					"DEBUG=1",
					"$(inherited)",
				);
				INFOPLIST_FILE = SwiftTodoTests/Info.plist;
				LD_RUNPATH_SEARCH_PATHS = "$(inherited) @executable_path/Frameworks @loader_path/Frameworks";
				METAL_ENABLE_DEBUG_INFO = YES;
				PRODUCT_NAME = "$(TARGET_NAME)";
				TEST_HOST = "$(BUNDLE_LOADER)";
			};
			name = Debug;
		};
		7F8719AF1971AEC200FCDB22 /* Release */ = {
			isa = XCBuildConfiguration;
			buildSettings = {
				BUNDLE_LOADER = "$(BUILT_PRODUCTS_DIR)/SwiftTodo.app/SwiftTodo";
				FRAMEWORK_SEARCH_PATHS = (
					"$(SDKROOT)/Developer/Library/Frameworks",
					"$(inherited)",
				);
				INFOPLIST_FILE = SwiftTodoTests/Info.plist;
				LD_RUNPATH_SEARCH_PATHS = "$(inherited) @executable_path/Frameworks @loader_path/Frameworks";
				METAL_ENABLE_DEBUG_INFO = NO;
				PRODUCT_NAME = "$(TARGET_NAME)";
				TEST_HOST = "$(BUNDLE_LOADER)";
			};
			name = Release;
		};
/* End XCBuildConfiguration section */

/* Begin XCConfigurationList section */
		7F8719871971AEC200FCDB22 /* Build configuration list for PBXProject "SwiftTodo" */ = {
			isa = XCConfigurationList;
			buildConfigurations = (
				7F8719A81971AEC200FCDB22 /* Debug */,
				7F8719A91971AEC200FCDB22 /* Release */,
			);
			defaultConfigurationIsVisible = 0;
			defaultConfigurationName = Release;
		};
		7F8719AA1971AEC200FCDB22 /* Build configuration list for PBXNativeTarget "SwiftTodo" */ = {
			isa = XCConfigurationList;
			buildConfigurations = (
				7F8719AB1971AEC200FCDB22 /* Debug */,
				7F8719AC1971AEC200FCDB22 /* Release */,
			);
			defaultConfigurationIsVisible = 0;
		};
		7F8719AD1971AEC200FCDB22 /* Build configuration list for PBXNativeTarget "SwiftTodoTests" */ = {
			isa = XCConfigurationList;
			buildConfigurations = (
				7F8719AE1971AEC200FCDB22 /* Debug */,
				7F8719AF1971AEC200FCDB22 /* Release */,
			);
			defaultConfigurationIsVisible = 0;
		};
/* End XCConfigurationList section */
	};
	rootObject = 7F8719841971AEC200FCDB22 /* Project object */;
}
